
Microsoft Visual Studio Solution File, Format Version 12.00
# Visual Studio 14
VisualStudioVersion = 14.0.25420.1
MinimumVisualStudioVersion = 10.0.40219.1
Project("{8BC9CEB8-8B4A-11D0-8D11-00A0C91BC942}") = "RunEngine", "RunEngine\RunEngine.vcxproj", "{3DC4A5BA-4DCB-4A13-9285-7D07E9FC7863}"
EndProject
Project("{8BC9CEB8-8B4A-11D0-8D11-00A0C91BC942}") = "Sim", "Sim\Sim.vcxproj", "{7BD6C137-308F-4466-B76D-60E90BFA902A}"
EndProject
Project("{8BC9CEB8-8B4A-11D0-8D11-00A0C91BC942}") = "MarketData", "MarketData\MarketData.vcxproj", "{A167CD1D-B8D8-4F83-B7AE-064BC7DB2E81}"
EndProject
Project("{8BC9CEB8-8B4A-11D0-8D11-00A0C91BC942}") = "Payoffs", "Payoffs\Payoffs.vcxproj", "{88EF64B2-B00C-46AC-8E7B-FFC4A6794CAC}"
EndProject
Project("{8BC9CEB8-8B4A-11D0-8D11-00A0C91BC942}") = "RNGenerators", "RNGenerators\RNGenerators.vcxproj", "{60AAA912-2600-4EDC-8F9E-FB0016EF5ABB}"
EndProject
Project("{8BC9CEB8-8B4A-11D0-8D11-00A0C91BC942}") = "Maths", "Maths\Maths.vcxproj", "{B1C54B55-F010-4D02-B2F1-E5102EDEE4B7}"
EndProject
Global
	GlobalSection(SolutionConfigurationPlatforms) = preSolution
		Debug|x64 = Debug|x64
		Debug|x86 = Debug|x86
		Release|x64 = Release|x64
		Release|x86 = Release|x86
	EndGlobalSection
	GlobalSection(ProjectConfigurationPlatforms) = postSolution
		{3DC4A5BA-4DCB-4A13-9285-7D07E9FC7863}.Debug|x64.ActiveCfg = Debug|x64
		{3DC4A5BA-4DCB-4A13-9285-7D07E9FC7863}.Debug|x64.Build.0 = Debug|x64
		{3DC4A5BA-4DCB-4A13-9285-7D07E9FC7863}.Debug|x86.ActiveCfg = Debug|Win32
		{3DC4A5BA-4DCB-4A13-9285-7D07E9FC7863}.Debug|x86.Build.0 = Debug|Win32
		{3DC4A5BA-4DCB-4A13-9285-7D07E9FC7863}.Release|x64.ActiveCfg = Release|x64
		{3DC4A5BA-4DCB-4A13-9285-7D07E9FC7863}.Release|x64.Build.0 = Release|x64
		{3DC4A5BA-4DCB-4A13-9285-7D07E9FC7863}.Release|x86.ActiveCfg = Release|Win32
		{3DC4A5BA-4DCB-4A13-9285-7D07E9FC7863}.Release|x86.Build.0 = Release|Win32
		{7BD6C137-308F-4466-B76D-60E90BFA902A}.Debug|x64.ActiveCfg = Debug|x64
		{7BD6C137-308F-4466-B76D-60E90BFA902A}.Debug|x64.Build.0 = Debug|x64
		{7BD6C137-308F-4466-B76D-60E90BFA902A}.Debug|x86.ActiveCfg = Debug|Win32
		{7BD6C137-308F-4466-B76D-60E90BFA902A}.Debug|x86.Build.0 = Debug|Win32
		{7BD6C137-308F-4466-B76D-60E90BFA902A}.Release|x64.ActiveCfg = Release|x64
		{7BD6C137-308F-4466-B76D-60E90BFA902A}.Release|x64.Build.0 = Release|x64
		{7BD6C137-308F-4466-B76D-60E90BFA902A}.Release|x86.ActiveCfg = Release|Win32
		{7BD6C137-308F-4466-B76D-60E90BFA902A}.Release|x86.Build.0 = Release|Win32
		{A167CD1D-B8D8-4F83-B7AE-064BC7DB2E81}.Debug|x64.ActiveCfg = Debug|x64
		{A167CD1D-B8D8-4F83-B7AE-064BC7DB2E81}.Debug|x64.Build.0 = Debug|x64
		{A167CD1D-B8D8-4F83-B7AE-064BC7DB2E81}.Debug|x86.ActiveCfg = Debug|Win32
		{A167CD1D-B8D8-4F83-B7AE-064BC7DB2E81}.Debug|x86.Build.0 = Debug|Win32
		{A167CD1D-B8D8-4F83-B7AE-064BC7DB2E81}.Release|x64.ActiveCfg = Release|x64
		{A167CD1D-B8D8-4F83-B7AE-064BC7DB2E81}.Release|x64.Build.0 = Release|x64
		{A167CD1D-B8D8-4F83-B7AE-064BC7DB2E81}.Release|x86.ActiveCfg = Release|Win32
		{A167CD1D-B8D8-4F83-B7AE-064BC7DB2E81}.Release|x86.Build.0 = Release|Win32
		{88EF64B2-B00C-46AC-8E7B-FFC4A6794CAC}.Debug|x64.ActiveCfg = Debug|x64
		{88EF64B2-B00C-46AC-8E7B-FFC4A6794CAC}.Debug|x64.Build.0 = Debug|x64
		{88EF64B2-B00C-46AC-8E7B-FFC4A6794CAC}.Debug|x86.ActiveCfg = Debug|Win32
		{88EF64B2-B00C-46AC-8E7B-FFC4A6794CAC}.Debug|x86.Build.0 = Debug|Win32
		{88EF64B2-B00C-46AC-8E7B-FFC4A6794CAC}.Release|x64.ActiveCfg = Release|x64
		{88EF64B2-B00C-46AC-8E7B-FFC4A6794CAC}.Release|x64.Build.0 = Release|x64
		{88EF64B2-B00C-46AC-8E7B-FFC4A6794CAC}.Release|x86.ActiveCfg = Release|Win32
		{88EF64B2-B00C-46AC-8E7B-FFC4A6794CAC}.Release|x86.Build.0 = Release|Win32
		{60AAA912-2600-4EDC-8F9E-FB0016EF5ABB}.Debug|x64.ActiveCfg = Debug|x64
		{60AAA912-2600-4EDC-8F9E-FB0016EF5ABB}.Debug|x64.Build.0 = Debug|x64
		{60AAA912-2600-4EDC-8F9E-FB0016EF5ABB}.Debug|x86.ActiveCfg = Debug|Win32
		{60AAA912-2600-4EDC-8F9E-FB0016EF5ABB}.Debug|x86.Build.0 = Debug|Win32
		{60AAA912-2600-4EDC-8F9E-FB0016EF5ABB}.Release|x64.ActiveCfg = Release|x64
		{60AAA912-2600-4EDC-8F9E-FB0016EF5ABB}.Release|x64.Build.0 = Release|x64
		{60AAA912-2600-4EDC-8F9E-FB0016EF5ABB}.Release|x86.ActiveCfg = Release|Win32
		{60AAA912-2600-4EDC-8F9E-FB0016EF5ABB}.Release|x86.Build.0 = Release|Win32
		{B1C54B55-F010-4D02-B2F1-E5102EDEE4B7}.Debug|x64.ActiveCfg = Debug|x64
		{B1C54B55-F010-4D02-B2F1-E5102EDEE4B7}.Debug|x64.Build.0 = Debug|x64
		{B1C54B55-F010-4D02-B2F1-E5102EDEE4B7}.Debug|x86.ActiveCfg = Debug|Win32
		{B1C54B55-F010-4D02-B2F1-E5102EDEE4B7}.Debug|x86.Build.0 = Debug|Win32
		{B1C54B55-F010-4D02-B2F1-E5102EDEE4B7}.Release|x64.ActiveCfg = Release|x64
		{B1C54B55-F010-4D02-B2F1-E5102EDEE4B7}.Release|x64.Build.0 = Release|x64
		{B1C54B55-F010-4D02-B2F1-E5102EDEE4B7}.Release|x86.ActiveCfg = Release|Win32
		{B1C54B55-F010-4D02-B2F1-E5102EDEE4B7}.Release|x86.Build.0 = Release|Win32
	EndGlobalSection
	GlobalSection(SolutionProperties) = preSolution
		HideSolutionNode = FALSE
	EndGlobalSection
EndGlobal
